
Microsoft Visual Studio Solution File, Format Version 12.00
# Visual Studio Version 17
VisualStudioVersion = 17.4.33027.239
MinimumVisualStudioVersion = 10.0.40219.1
Project("{FAE04EC0-301F-11D3-BF4B-00C04F79EFBC}") = "ToxVent", "ToxVent.csproj", "{552BED6C-11DE-4AB0-9278-B5D0281B5AF8}"
EndProject
Project("{2150E333-8FDC-42A3-9474-1A3956D46DE8}") = "Solution Elements", "Solution Elements", "{651AEB00-28B3-4D66-B0F5-53C46BF4459D}"
	ProjectSection(SolutionItems) = preProject
		Shared.mod.props.csproj = Shared.mod.props.csproj
	EndProjectSection
EndProject
Global
	GlobalSection(SolutionConfigurationPlatforms) = preSolution
		1.3_DEBUG|Any CPU = 1.3_DEBUG|Any CPU
		1.3|Any CPU = 1.3|Any CPU
		1.4_DEBUG|Any CPU = 1.4_DEBUG|Any CPU
		1.4|Any CPU = 1.4|Any CPU
	EndGlobalSection
	GlobalSection(ProjectConfigurationPlatforms) = postSolution
		{552BED6C-11DE-4AB0-9278-B5D0281B5AF8}.1.3_DEBUG|Any CPU.ActiveCfg = 1.4_DEBUG|Any CPU
		{552BED6C-11DE-4AB0-9278-B5D0281B5AF8}.1.3_DEBUG|Any CPU.Build.0 = 1.4_DEBUG|Any CPU
		{552BED6C-11DE-4AB0-9278-B5D0281B5AF8}.1.3|Any CPU.ActiveCfg = 1.4|Any CPU
		{552BED6C-11DE-4AB0-9278-B5D0281B5AF8}.1.3|Any CPU.Build.0 = 1.4|Any CPU
		{552BED6C-11DE-4AB0-9278-B5D0281B5AF8}.1.4_DEBUG|Any CPU.ActiveCfg = 1.4_DEBUG|Any CPU
		{552BED6C-11DE-4AB0-9278-B5D0281B5AF8}.1.4_DEBUG|Any CPU.Build.0 = 1.4_DEBUG|Any CPU
		{552BED6C-11DE-4AB0-9278-B5D0281B5AF8}.1.4|Any CPU.ActiveCfg = 1.4|Any CPU
		{552BED6C-11DE-4AB0-9278-B5D0281B5AF8}.1.4|Any CPU.Build.0 = 1.4|Any CPU
	EndGlobalSection
	GlobalSection(SolutionProperties) = preSolution
		HideSolutionNode = FALSE
	EndGlobalSection
	GlobalSection(ExtensibilityGlobals) = postSolution
		SolutionGuid = {6DD0A492-EA65-4D54-80A9-2536EAD01A8E}
	EndGlobalSection
EndGlobal
